
Microsoft Visual Studio Solution File, Format Version 12.00
# Visual Studio Version 16
VisualStudioVersion = 16.0.29009.5
MinimumVisualStudioVersion = 10.0.40219.1
Project("{FAE04EC0-301F-11D3-BF4B-00C04F79EFBC}") = "DelegatesExampleWithLambdas", "DelegatesExampleWithLambdas\DelegatesExampleWithLambdas.csproj", "{120968B8-6569-43B5-BEFE-84CB079A0286}"
EndProject
Global
	GlobalSection(SolutionConfigurationPlatforms) = preSolution
		Debug|Any CPU = Debug|Any CPU
		Release|Any CPU = Release|Any CPU
	EndGlobalSection
	GlobalSection(ProjectConfigurationPlatforms) = postSolution
		{120968B8-6569-43B5-BEFE-84CB079A0286}.Debug|Any CPU.ActiveCfg = Debug|Any CPU
		{120968B8-6569-43B5-BEFE-84CB079A0286}.Debug|Any CPU.Build.0 = Debug|Any CPU
		{120968B8-6569-43B5-BEFE-84CB079A0286}.Release|Any CPU.ActiveCfg = Release|Any CPU
		{120968B8-6569-43B5-BEFE-84CB079A0286}.Release|Any CPU.Build.0 = Release|Any CPU
	EndGlobalSection
	GlobalSection(SolutionProperties) = preSolution
		HideSolutionNode = FALSE
	EndGlobalSection
	GlobalSection(ExtensibilityGlobals) = postSolution
		SolutionGuid = {C8E529AA-5E26-45F1-BF07-B621E08765EC}
	EndGlobalSection
EndGlobal
